
Microsoft Visual Studio Solution File, Format Version 12.00
# Visual Studio Version 17
VisualStudioVersion = 17.9.34728.123
MinimumVisualStudioVersion = 10.0.40219.1
Project("{FAE04EC0-301F-11D3-BF4B-00C04F79EFBC}") = "TestWorkPhysicon", "TestWorkPhysicon\TestWorkPhysicon.csproj", "{C71D47E2-7918-42E2-9F32-1227A926C996}"
EndProject
Project("{FAE04EC0-301F-11D3-BF4B-00C04F79EFBC}") = "TestWorkPhysicon.DataBase", "TestWorkPhysicon.DataBase\TestWorkPhysicon.DataBase.csproj", "{672283B6-99CF-447A-8772-4EEA9C04FE0C}"
EndProject
Project("{FAE04EC0-301F-11D3-BF4B-00C04F79EFBC}") = "TestWorkPhysicon.Logic", "TestWorkPhysicon.Logic\TestWorkPhysicon.Logic.csproj", "{BF720EF9-8EB3-421A-A5D4-63C2F304F9D1}"
EndProject
Global
	GlobalSection(SolutionConfigurationPlatforms) = preSolution
		Debug|Any CPU = Debug|Any CPU
		Release|Any CPU = Release|Any CPU
	EndGlobalSection
	GlobalSection(ProjectConfigurationPlatforms) = postSolution
		{C71D47E2-7918-42E2-9F32-1227A926C996}.Debug|Any CPU.ActiveCfg = Debug|Any CPU
		{C71D47E2-7918-42E2-9F32-1227A926C996}.Debug|Any CPU.Build.0 = Debug|Any CPU
		{C71D47E2-7918-42E2-9F32-1227A926C996}.Release|Any CPU.ActiveCfg = Release|Any CPU
		{C71D47E2-7918-42E2-9F32-1227A926C996}.Release|Any CPU.Build.0 = Release|Any CPU
		{672283B6-99CF-447A-8772-4EEA9C04FE0C}.Debug|Any CPU.ActiveCfg = Debug|Any CPU
		{672283B6-99CF-447A-8772-4EEA9C04FE0C}.Debug|Any CPU.Build.0 = Debug|Any CPU
		{672283B6-99CF-447A-8772-4EEA9C04FE0C}.Release|Any CPU.ActiveCfg = Release|Any CPU
		{672283B6-99CF-447A-8772-4EEA9C04FE0C}.Release|Any CPU.Build.0 = Release|Any CPU
		{BF720EF9-8EB3-421A-A5D4-63C2F304F9D1}.Debug|Any CPU.ActiveCfg = Debug|Any CPU
		{BF720EF9-8EB3-421A-A5D4-63C2F304F9D1}.Debug|Any CPU.Build.0 = Debug|Any CPU
		{BF720EF9-8EB3-421A-A5D4-63C2F304F9D1}.Release|Any CPU.ActiveCfg = Release|Any CPU
		{BF720EF9-8EB3-421A-A5D4-63C2F304F9D1}.Release|Any CPU.Build.0 = Release|Any CPU
	EndGlobalSection
	GlobalSection(SolutionProperties) = preSolution
		HideSolutionNode = FALSE
	EndGlobalSection
	GlobalSection(ExtensibilityGlobals) = postSolution
		SolutionGuid = {463B8EE3-0189-4EEF-9743-CDB5EE43B354}
	EndGlobalSection
EndGlobal
